{
  "name": "fabricx-monorepo",
  "version": "1.0.0",
  "lockfileVersion": 3,
  "requires": true,
  "packages": {
    "": {
      "name": "fabricx-monorepo",
      "version": "1.0.0",
      "hasInstallScript": true,
      "workspaces": [
        "cli",
        "sdk"
      ]
    },
    "cli": {
      "name": "@fabricx/cli",
      "version": "1.0.0",
      "license": "ISC",
      "dependencies": {
        "@fabricx/sdk": "1.0.0",
        "commander": "^12.1.0"
      },
      "devDependencies": {
        "@types/node": "^20.12.12",
        "typescript": "^5.4.5"
      }
    },
    "node_modules/@fabricx/cli": {
      "resolved": "cli",
      "link": true
    },
    "node_modules/@fabricx/sdk": {
      "resolved": "sdk",
      "link": true
    },
    "node_modules/@types/node": {
      "version": "20.19.24",
      "dev": true,
      "license": "MIT",
      "dependencies": {
        "undici-types": "~6.21.0"
      }
    },
    "node_modules/commander": {
      "version": "12.1.0",
      "license": "MIT",
      "engines": {
        "node": ">=18"
      }
    },
    "node_modules/typescript": {
      "version": "5.9.3",
      "dev": true,
      "license": "Apache-2.0",
      "bin": {
        "tsc": "bin/tsc",
        "tsserver": "bin/tsserver"
      },
      "engines": {
        "node": ">=14.17"
      }
    },
    "node_modules/undici-types": {
      "version": "6.21.0",
      "dev": true,
      "license": "MIT"
    },
    "sdk": {
      "name": "@fabricx/sdk",
      "version": "1.0.0",
      "license": "ISC",
      "devDependencies": {
        "@types/node": "^20.12.12",
        "typescript": "^5.4.5"
      }
    }
  }
}
